// !$*UTF8*$!
{
	archiveVersion = 1;
	classes = {
	};
	objectVersion = 46;
	objects = {

/* Begin PBXBuildFile section */
		6C11D6671D48887E008CE0B5 /* main.m in Sources */ = {isa = PBXBuildFile; fileRef = 6C11D6661D48887E008CE0B5 /* main.m */; };
		6C11D66A1D48887E008CE0B5 /* AppDelegate.m in Sources */ = {isa = PBXBuildFile; fileRef = 6C11D6691D48887E008CE0B5 /* AppDelegate.m */; };
		6C11D66D1D48887E008CE0B5 /* ViewController.m in Sources */ = {isa = PBXBuildFile; fileRef = 6C11D66C1D48887E008CE0B5 /* ViewController.m */; };
		6C11D6701D48887E008CE0B5 /* Main.storyboard in Resources */ = {isa = PBXBuildFile; fileRef = 6C11D66E1D48887E008CE0B5 /* Main.storyboard */; };
		6C11D6721D48887E008CE0B5 /* Assets.xcassets in Resources */ = {isa = PBXBuildFile; fileRef = 6C11D6711D48887E008CE0B5 /* Assets.xcassets */; };
		6C11D6751D48887E008CE0B5 /* LaunchScreen.storyboard in Resources */ = {isa = PBXBuildFile; fileRef = 6C11D6731D48887E008CE0B5 /* LaunchScreen.storyboard */; };
		E90A7DD1692014EBC4826048 /* libPods-TestArcGIS.a in Frameworks */ = {isa = PBXBuildFile; fileRef = 8076155CEA07178DDF253F92 /* libPods-TestArcGIS.a */; };
/* End PBXBuildFile section */

/* Begin PBXFileReference section */
		4E8B9E2545766BB5E3EFC56B /* Pods-TestArcGIS.release.xcconfig */ = {isa = PBXFileReference; includeInIndex = 1; lastKnownFileType = text.xcconfig; name = "Pods-TestArcGIS.release.xcconfig"; path = "Pods/Target Support Files/Pods-TestArcGIS/Pods-TestArcGIS.release.xcconfig"; sourceTree = "<group>"; };
		6C11D6621D48887E008CE0B5 /* TestArcGIS.app */ = {isa = PBXFileReference; explicitFileType = wrapper.application; includeInIndex = 0; path = TestArcGIS.app; sourceTree = BUILT_PRODUCTS_DIR; };
		6C11D6661D48887E008CE0B5 /* main.m */ = {isa = PBXFileReference; lastKnownFileType = sourcecode.c.objc; path = main.m; sourceTree = "<group>"; };
		6C11D6681D48887E008CE0B5 /* AppDelegate.h */ = {isa = PBXFileReference; lastKnownFileType = sourcecode.c.h; path = AppDelegate.h; sourceTree = "<group>"; };
		6C11D6691D48887E008CE0B5 /* AppDelegate.m */ = {isa = PBXFileReference; lastKnownFileType = sourcecode.c.objc; path = AppDelegate.m; sourceTree = "<group>"; };
		6C11D66B1D48887E008CE0B5 /* ViewController.h */ = {isa = PBXFileReference; lastKnownFileType = sourcecode.c.h; path = ViewController.h; sourceTree = "<group>"; };
		6C11D66C1D48887E008CE0B5 /* ViewController.m */ = {isa = PBXFileReference; lastKnownFileType = sourcecode.c.objc; path = ViewController.m; sourceTree = "<group>"; };
		6C11D66F1D48887E008CE0B5 /* Base */ = {isa = PBXFileReference; lastKnownFileType = file.storyboard; name = Base; path = Base.lproj/Main.storyboard; sourceTree = "<group>"; };
		6C11D6711D48887E008CE0B5 /* Assets.xcassets */ = {isa = PBXFileReference; lastKnownFileType = folder.assetcatalog; path = Assets.xcassets; sourceTree = "<group>"; };
		6C11D6741D48887E008CE0B5 /* Base */ = {isa = PBXFileReference; lastKnownFileType = file.storyboard; name = Base; path = Base.lproj/LaunchScreen.storyboard; sourceTree = "<group>"; };
		6C11D6761D48887E008CE0B5 /* Info.plist */ = {isa = PBXFileReference; lastKnownFileType = text.plist.xml; path = Info.plist; sourceTree = "<group>"; };
		8076155CEA07178DDF253F92 /* libPods-TestArcGIS.a */ = {isa = PBXFileReference; explicitFileType = archive.ar; includeInIndex = 0; path = "libPods-TestArcGIS.a"; sourceTree = BUILT_PRODUCTS_DIR; };
		DCED7E9ED29411E4ED817404 /* Pods-TestArcGIS.debug.xcconfig */ = {isa = PBXFileReference; includeInIndex = 1; lastKnownFileType = text.xcconfig; name = "Pods-TestArcGIS.debug.xcconfig"; path = "Pods/Target Support Files/Pods-TestArcGIS/Pods-TestArcGIS.debug.xcconfig"; sourceTree = "<group>"; };
/* End PBXFileReference section */

/* Begin PBXFrameworksBuildPhase section */
		6C11D65F1D48887E008CE0B5 /* Frameworks */ = {
			isa = PBXFrameworksBuildPhase;
			buildActionMask = 2147483647;
			files = (
				E90A7DD1692014EBC4826048 /* libPods-TestArcGIS.a in Frameworks */,
			);
			runOnlyForDeploymentPostprocessing = 0;
		};
/* End PBXFrameworksBuildPhase section */

/* Begin PBXGroup section */
		5F5957A51CE59F9908D36861 /* Pods */ = {
			isa = PBXGroup;
			children = (
				DCED7E9ED29411E4ED817404 /* Pods-TestArcGIS.debug.xcconfig */,
				4E8B9E2545766BB5E3EFC56B /* Pods-TestArcGIS.release.xcconfig */,
			);
			name = Pods;
			sourceTree = "<group>";
		};
		6C11D6591D48887E008CE0B5 = {
			isa = PBXGroup;
			children = (
				6C11D6641D48887E008CE0B5 /* TestArcGIS */,
				6C11D6631D48887E008CE0B5 /* Products */,
				5F5957A51CE59F9908D36861 /* Pods */,
				E1CF95005464C77B7B7E2DFE /* Frameworks */,
			);
			sourceTree = "<group>";
		};
		6C11D6631D48887E008CE0B5 /* Products */ = {
			isa = PBXGroup;
			children = (
				6C11D6621D48887E008CE0B5 /* TestArcGIS.app */,
			);
			name = Products;
			sourceTree = "<group>";
		};
		6C11D6641D48887E008CE0B5 /* TestArcGIS */ = {
			isa = PBXGroup;
			children = (
				6C11D6681D48887E008CE0B5 /* AppDelegate.h */,
				6C11D6691D48887E008CE0B5 /* AppDelegate.m */,
				6C11D66B1D48887E008CE0B5 /* ViewController.h */,
				6C11D66C1D48887E008CE0B5 /* ViewController.m */,
				6C11D66E1D48887E008CE0B5 /* Main.storyboard */,
				6C11D6711D48887E008CE0B5 /* Assets.xcassets */,
				6C11D6731D48887E008CE0B5 /* LaunchScreen.storyboard */,
				6C11D6761D48887E008CE0B5 /* Info.plist */,
				6C11D6651D48887E008CE0B5 /* Supporting Files */,
			);
			path = TestArcGIS;
			sourceTree = "<group>";
		};
		6C11D6651D48887E008CE0B5 /* Supporting Files */ = {
			isa = PBXGroup;
			children = (
				6C11D6661D48887E008CE0B5 /* main.m */,
			);
			name = "Supporting Files";
			sourceTree = "<group>";
		};
		E1CF95005464C77B7B7E2DFE /* Frameworks */ = {
			isa = PBXGroup;
			children = (
				8076155CEA07178DDF253F92 /* libPods-TestArcGIS.a */,
			);
			name = Frameworks;
			sourceTree = "<group>";
		};
/* End PBXGroup section */

/* Begin PBXNativeTarget section */
		6C11D6611D48887E008CE0B5 /* TestArcGIS */ = {
			isa = PBXNativeTarget;
			buildConfigurationList = 6C11D6791D48887E008CE0B5 /* Build configuration list for PBXNativeTarget "TestArcGIS" */;
			buildPhases = (
				0D79C725BA669EF03853EBB0 /* [CP] Check Pods Manifest.lock */,
				6C11D65E1D48887E008CE0B5 /* Sources */,
				6C11D65F1D48887E008CE0B5 /* Frameworks */,
				6C11D6601D48887E008CE0B5 /* Resources */,
				059AF7328AE95253444FCD85 /* [CP] Embed Pods Frameworks */,
				E2F46DD0A2849C20FACC4748 /* [CP] Copy Pods Resources */,
			);
			buildRules = (
			);
			dependencies = (
			);
			name = TestArcGIS;
			productName = TestArcGIS;
			productReference = 6C11D6621D48887E008CE0B5 /* TestArcGIS.app */;
			productType = "com.apple.product-type.application";
		};
/* End PBXNativeTarget section */

/* Begin PBXProject section */
		6C11D65A1D48887E008CE0B5 /* Project object */ = {
			isa = PBXProject;
			attributes = {
				LastUpgradeCheck = 0730;
				ORGANIZATIONNAME = "Mitesh Bhadrecha";
				TargetAttributes = {
					6C11D6611D48887E008CE0B5 = {
						CreatedOnToolsVersion = 7.3.1;
					};
				};
			};
			buildConfigurationList = 6C11D65D1D48887E008CE0B5 /* Build configuration list for PBXProject "TestArcGIS" */;
			compatibilityVersion = "Xcode 3.2";
			developmentRegion = English;
			hasScannedForEncodings = 0;
			knownRegions = (
				en,
				Base,
			);
			mainGroup = 6C11D6591D48887E008CE0B5;
			productRefGroup = 6C11D6631D48887E008CE0B5 /* Products */;
			projectDirPath = "";
			projectRoot = "";
			targets = (
				6C11D6611D48887E008CE0B5 /* TestArcGIS */,
			);
		};
/* End PBXProject section */

/* Begin PBXResourcesBuildPhase section */
		6C11D6601D48887E008CE0B5 /* Resources */ = {
			isa = PBXResourcesBuildPhase;
			buildActionMask = 2147483647;
			files = (
				6C11D6751D48887E008CE0B5 /* LaunchScreen.storyboard in Resources */,
				6C11D6721D48887E008CE0B5 /* Assets.xcassets in Resources */,
				6C11D6701D48887E008CE0B5 /* Main.storyboard in Resources */,
			);
			runOnlyForDeploymentPostprocessing = 0;
		};
/* End PBXResourcesBuildPhase section */

/* Begin PBXShellScriptBuildPhase section */
		059AF7328AE95253444FCD85 /* [CP] Embed Pods Frameworks */ = {
			isa = PBXShellScriptBuildPhase;
			buildActionMask = 2147483647;
			files = (
			);
			inputPaths = (
			);
			name = "[CP] Embed Pods Frameworks";
			outputPaths = (
			);
			runOnlyForDeploymentPostprocessing = 0;
			shellPath = /bin/sh;
			shellScript = "\"${SRCROOT}/Pods/Target Support Files/Pods-TestArcGIS/Pods-TestArcGIS-frameworks.sh\"\n";
			showEnvVarsInLog = 0;
		};
		0D79C725BA669EF03853EBB0 /* [CP] Check Pods Manifest.lock */ = {
			isa = PBXShellScriptBuildPhase;
			buildActionMask = 2147483647;
			files = (
			);
			inputPaths = (
			);
			name = "[CP] Check Pods Manifest.lock";
			outputPaths = (
			);
			runOnlyForDeploymentPostprocessing = 0;
			shellPath = /bin/sh;
			shellScript = "diff \"${PODS_ROOT}/../Podfile.lock\" \"${PODS_ROOT}/Manifest.lock\" > /dev/null\nif [[ $? != 0 ]] ; then\n    cat << EOM\nerror: The sandbox is not in sync with the Podfile.lock. Run 'pod install' or update your CocoaPods installation.\nEOM\n    exit 1\nfi\n";
			showEnvVarsInLog = 0;
		};
		E2F46DD0A2849C20FACC4748 /* [CP] Copy Pods Resources */ = {
			isa = PBXShellScriptBuildPhase;
			buildActionMask = 2147483647;
			files = (
			);
			inputPaths = (
			);
			name = "[CP] Copy Pods Resources";
			outputPaths = (
			);
			runOnlyForDeploymentPostprocessing = 0;
			shellPath = /bin/sh;
			shellScript = "\"${SRCROOT}/Pods/Target Support Files/Pods-TestArcGIS/Pods-TestArcGIS-resources.sh\"\n";
			showEnvVarsInLog = 0;
		};
/* End PBXShellScriptBuildPhase section */

/* Begin PBXSourcesBuildPhase section */
		6C11D65E1D48887E008CE0B5 /* Sources */ = {
			isa = PBXSourcesBuildPhase;
			buildActionMask = 2147483647;
			files = (
				6C11D66D1D48887E008CE0B5 /* ViewController.m in Sources */,
				6C11D66A1D48887E008CE0B5 /* AppDelegate.m in Sources */,
				6C11D6671D48887E008CE0B5 /* main.m in Sources */,
			);
			runOnlyForDeploymentPostprocessing = 0;
		};
/* End PBXSourcesBuildPhase section */

/* Begin PBXVariantGroup section */
		6C11D66E1D48887E008CE0B5 /* Main.storyboard */ = {
			isa = PBXVariantGroup;
			children = (
				6C11D66F1D48887E008CE0B5 /* Base */,
			);
			name = Main.storyboard;
			sourceTree = "<group>";
		};
		6C11D6731D48887E008CE0B5 /* LaunchScreen.storyboard */ = {
			isa = PBXVariantGroup;
			children = (
				6C11D6741D48887E008CE0B5 /* Base */,
			);
			name = LaunchScreen.storyboard;
			sourceTree = "<group>";
		};
/* End PBXVariantGroup section */

/* Begin XCBuildConfiguration section */
		6C11D6771D48887E008CE0B5 /* Debug */ = {
			isa = XCBuildConfiguration;
			buildSettings = {
				ALWAYS_SEARCH_USER_PATHS = NO;
				CLANG_ANALYZER_NONNULL = YES;
				CLANG_CXX_LANGUAGE_STANDARD = "gnu++0x";
				CLANG_CXX_LIBRARY = "libc++";
				CLANG_ENABLE_MODULES = YES;
				CLANG_ENABLE_OBJC_ARC = YES;
				CLANG_WARN_BOOL_CONVERSION = YES;
				CLANG_WARN_CONSTANT_CONVERSION = YES;
				CLANG_WARN_DIRECT_OBJC_ISA_USAGE = YES_ERROR;
				CLANG_WARN_EMPTY_BODY = YES;
				CLANG_WARN_ENUM_CONVERSION = YES;
				CLANG_WARN_INT_CONVERSION = YES;
				CLANG_WARN_OBJC_ROOT_CLASS = YES_ERROR;
				CLANG_WARN_UNREACHABLE_CODE = YES;
				CLANG_WARN__DUPLICATE_METHOD_MATCH = YES;
				"CODE_SIGN_IDENTITY[sdk=iphoneos*]" = "iPhone Developer";
				COPY_PHASE_STRIP = NO;
				DEBUG_INFORMATION_FORMAT = dwarf;
				ENABLE_STRICT_OBJC_MSGSEND = YES;
				ENABLE_TESTABILITY = YES;
				GCC_C_LANGUAGE_STANDARD = gnu99;
				GCC_DYNAMIC_NO_PIC = NO;
				GCC_NO_COMMON_BLOCKS = YES;
				GCC_OPTIMIZATION_LEVEL = 0;
				GCC_PREPROCESSOR_DEFINITIONS = (
					"DEBUG=1",
					"$(inherited)",
				);
				GCC_WARN_64_TO_32_BIT_CONVERSION = YES;
				GCC_WARN_ABOUT_RETURN_TYPE = YES_ERROR;
				GCC_WARN_UNDECLARED_SELECTOR = YES;
				GCC_WARN_UNINITIALIZED_AUTOS = YES_AGGRESSIVE;
				GCC_WARN_UNUSED_FUNCTION = YES;
				GCC_WARN_UNUSED_VARIABLE = YES;
				IPHONEOS_DEPLOYMENT_TARGET = 9.3;
				MTL_ENABLE_DEBUG_INFO = YES;
				ONLY_ACTIVE_ARCH = YES;
				SDKROOT = iphoneos;
			};
			name = Debug;
		};
		6C11D6781D48887E008CE0B5 /* Release */ = {
			isa = XCBuildConfiguration;
			buildSettings = {
				ALWAYS_SEARCH_USER_PATHS = NO;
				CLANG_ANALYZER_NONNULL = YES;
				CLANG_CXX_LANGUAGE_STANDARD = "gnu++0x";
				CLANG_CXX_LIBRARY = "libc++";
				CLANG_ENABLE_MODULES = YES;
				CLANG_ENABLE_OBJC_ARC = YES;
				CLANG_WARN_BOOL_CONVERSION = YES;
				CLANG_WARN_CONSTANT_CONVERSION = YES;
				CLANG_WARN_DIRECT_OBJC_ISA_USAGE = YES_ERROR;
				CLANG_WARN_EMPTY_BODY = YES;
				CLANG_WARN_ENUM_CONVERSION = YES;
				CLANG_WARN_INT_CONVERSION = YES;
				CLANG_WARN_OBJC_ROOT_CLASS = YES_ERROR;
				CLANG_WARN_UNREACHABLE_CODE = YES;
				CLANG_WARN__DUPLICATE_METHOD_MATCH = YES;
				"CODE_SIGN_IDENTITY[sdk=iphoneos*]" = "iPhone Developer";
				COPY_PHASE_STRIP = NO;
				DEBUG_INFORMATION_FORMAT = "dwarf-with-dsym";
				ENABLE_NS_ASSERTIONS = NO;
				ENABLE_STRICT_OBJC_MSGSEND = YES;
				GCC_C_LANGUAGE_STANDARD = gnu99;
				GCC_NO_COMMON_BLOCKS = YES;
				GCC_WARN_64_TO_32_BIT_CONVERSION = YES;
				GCC_WARN_ABOUT_RETURN_TYPE = YES_ERROR;
				GCC_WARN_UNDECLARED_SELECTOR = YES;
				GCC_WARN_UNINITIALIZED_AUTOS = YES_AGGRESSIVE;
				GCC_WARN_UNUSED_FUNCTION = YES;
				GCC_WARN_UNUSED_VARIABLE = YES;
				IPHONEOS_DEPLOYMENT_TARGET = 9.3;
				MTL_ENABLE_DEBUG_INFO = NO;
				SDKROOT = iphoneos;
				VALIDATE_PRODUCT = YES;
			};
			name = Release;
		};
		6C11D67A1D48887E008CE0B5 /* Debug */ = {
			isa = XCBuildConfiguration;
			baseConfigurationReference = DCED7E9ED29411E4ED817404 /* Pods-TestArcGIS.debug.xcconfig */;
			buildSettings = {
				ASSETCATALOG_COMPILER_APPICON_NAME = AppIcon;
				INFOPLIST_FILE = TestArcGIS/Info.plist;
				LD_RUNPATH_SEARCH_PATHS = "$(inherited) @executable_path/Frameworks";
				PRODUCT_BUNDLE_IDENTIFIER = com.mobiquityinc.testarcgis.TestArcGIS;
				PRODUCT_NAME = "$(TARGET_NAME)";
			};
			name = Debug;
		};
		6C11D67B1D48887E008CE0B5 /* Release */ = {
			isa = XCBuildConfiguration;
			baseConfigurationReference = 4E8B9E2545766BB5E3EFC56B /* Pods-TestArcGIS.release.xcconfig */;
			buildSettings = {
				ASSETCATALOG_COMPILER_APPICON_NAME = AppIcon;
				INFOPLIST_FILE = TestArcGIS/Info.plist;
				LD_RUNPATH_SEARCH_PATHS = "$(inherited) @executable_path/Frameworks";
				PRODUCT_BUNDLE_IDENTIFIER = com.mobiquityinc.testarcgis.TestArcGIS;
				PRODUCT_NAME = "$(TARGET_NAME)";
			};
			name = Release;
		};
/* End XCBuildConfiguration section */

/* Begin XCConfigurationList section */
		6C11D65D1D48887E008CE0B5 /* Build configuration list for PBXProject "TestArcGIS" */ = {
			isa = XCConfigurationList;
			buildConfigurations = (
				6C11D6771D48887E008CE0B5 /* Debug */,
				6C11D6781D48887E008CE0B5 /* Release */,
			);
			defaultConfigurationIsVisible = 0;
			defaultConfigurationName = Release;
		};
		6C11D6791D48887E008CE0B5 /* Build configuration list for PBXNativeTarget "TestArcGIS" */ = {
			isa = XCConfigurationList;
			buildConfigurations = (
				6C11D67A1D48887E008CE0B5 /* Debug */,
				6C11D67B1D48887E008CE0B5 /* Release */,
			);
			defaultConfigurationIsVisible = 0;
			defaultConfigurationName = Release;
		};
/* End XCConfigurationList section */
	};
	rootObject = 6C11D65A1D48887E008CE0B5 /* Project object */;
}
